
Microsoft Visual Studio Solution File, Format Version 12.00
# Visual Studio 14
VisualStudioVersion = 14.0.25420.1
MinimumVisualStudioVersion = 10.0.40219.1
Project("{FAE04EC0-301F-11D3-BF4B-00C04F79EFBC}") = "Agenda_Azure_Gallo.Droid", "Agenda_Azure_Gallo\Agenda_Azure_Gallo.Droid\Agenda_Azure_Gallo.Droid.csproj", "{A222DC56-ACFB-42CB-A9B0-05BF381BF0DE}"
EndProject
Project("{FAE04EC0-301F-11D3-BF4B-00C04F79EFBC}") = "Agenda_Azure_Gallo.iOS", "Agenda_Azure_Gallo\Agenda_Azure_Gallo.iOS\Agenda_Azure_Gallo.iOS.csproj", "{4C60A2B5-31A8-4B70-96A0-C551DD81A958}"
EndProject
Project("{FAE04EC0-301F-11D3-BF4B-00C04F79EFBC}") = "Agenda_Azure_Gallo.WinPhone", "Agenda_Azure_Gallo\Agenda_Azure_Gallo.WinPhone\Agenda_Azure_Gallo.WinPhone.csproj", "{C25393B3-BE23-4F5A-A1DA-5FA578F438C7}"
EndProject
Project("{FAE04EC0-301F-11D3-BF4B-00C04F79EFBC}") = "Agenda_Azure_Gallo.UWP", "Agenda_Azure_Gallo\Agenda_Azure_Gallo.UWP\Agenda_Azure_Gallo.UWP.csproj", "{DB6F559B-6802-46EE-8D81-41CBA6FA9A59}"
EndProject
Project("{FAE04EC0-301F-11D3-BF4B-00C04F79EFBC}") = "Agenda_Azure_Gallo.Windows", "Agenda_Azure_Gallo\Agenda_Azure_Gallo.Windows\Agenda_Azure_Gallo.Windows.csproj", "{AB7E4825-8BC3-4134-85C0-07D18979CCE1}"
EndProject
Project("{FAE04EC0-301F-11D3-BF4B-00C04F79EFBC}") = "Agenda_Azure_Gallo", "Agenda_Azure_Gallo\Agenda_Azure_Gallo\Agenda_Azure_Gallo.csproj", "{F31A34EA-8C22-469A-8029-A12954C9EC30}"
EndProject
Global
	GlobalSection(SolutionConfigurationPlatforms) = preSolution
		Ad-Hoc|Any CPU = Ad-Hoc|Any CPU
		Ad-Hoc|ARM = Ad-Hoc|ARM
		Ad-Hoc|iPhone = Ad-Hoc|iPhone
		Ad-Hoc|iPhoneSimulator = Ad-Hoc|iPhoneSimulator
		Ad-Hoc|x64 = Ad-Hoc|x64
		Ad-Hoc|x86 = Ad-Hoc|x86
		AppStore|Any CPU = AppStore|Any CPU
		AppStore|ARM = AppStore|ARM
		AppStore|iPhone = AppStore|iPhone
		AppStore|iPhoneSimulator = AppStore|iPhoneSimulator
		AppStore|x64 = AppStore|x64
		AppStore|x86 = AppStore|x86
		Debug|Any CPU = Debug|Any CPU
		Debug|ARM = Debug|ARM
		Debug|iPhone = Debug|iPhone
		Debug|iPhoneSimulator = Debug|iPhoneSimulator
		Debug|x64 = Debug|x64
		Debug|x86 = Debug|x86
		Release|Any CPU = Release|Any CPU
		Release|ARM = Release|ARM
		Release|iPhone = Release|iPhone
		Release|iPhoneSimulator = Release|iPhoneSimulator
		Release|x64 = Release|x64
		Release|x86 = Release|x86
	EndGlobalSection
	GlobalSection(ProjectConfigurationPlatforms) = postSolution
		{A222DC56-ACFB-42CB-A9B0-05BF381BF0DE}.Ad-Hoc|Any CPU.ActiveCfg = Release|Any CPU
		{A222DC56-ACFB-42CB-A9B0-05BF381BF0DE}.Ad-Hoc|Any CPU.Build.0 = Release|Any CPU
		{A222DC56-ACFB-42CB-A9B0-05BF381BF0DE}.Ad-Hoc|Any CPU.Deploy.0 = Release|Any CPU
		{A222DC56-ACFB-42CB-A9B0-05BF381BF0DE}.Ad-Hoc|ARM.ActiveCfg = Release|Any CPU
		{A222DC56-ACFB-42CB-A9B0-05BF381BF0DE}.Ad-Hoc|ARM.Build.0 = Release|Any CPU
		{A222DC56-ACFB-42CB-A9B0-05BF381BF0DE}.Ad-Hoc|ARM.Deploy.0 = Release|Any CPU
		{A222DC56-ACFB-42CB-A9B0-05BF381BF0DE}.Ad-Hoc|iPhone.ActiveCfg = Release|Any CPU
		{A222DC56-ACFB-42CB-A9B0-05BF381BF0DE}.Ad-Hoc|iPhone.Build.0 = Release|Any CPU
		{A222DC56-ACFB-42CB-A9B0-05BF381BF0DE}.Ad-Hoc|iPhone.Deploy.0 = Release|Any CPU
		{A222DC56-ACFB-42CB-A9B0-05BF381BF0DE}.Ad-Hoc|iPhoneSimulator.ActiveCfg = Release|Any CPU
		{A222DC56-ACFB-42CB-A9B0-05BF381BF0DE}.Ad-Hoc|iPhoneSimulator.Build.0 = Release|Any CPU
		{A222DC56-ACFB-42CB-A9B0-05BF381BF0DE}.Ad-Hoc|iPhoneSimulator.Deploy.0 = Release|Any CPU
		{A222DC56-ACFB-42CB-A9B0-05BF381BF0DE}.Ad-Hoc|x64.ActiveCfg = Release|Any CPU
		{A222DC56-ACFB-42CB-A9B0-05BF381BF0DE}.Ad-Hoc|x64.Build.0 = Release|Any CPU
		{A222DC56-ACFB-42CB-A9B0-05BF381BF0DE}.Ad-Hoc|x64.Deploy.0 = Release|Any CPU
		{A222DC56-ACFB-42CB-A9B0-05BF381BF0DE}.Ad-Hoc|x86.ActiveCfg = Release|Any CPU
		{A222DC56-ACFB-42CB-A9B0-05BF381BF0DE}.Ad-Hoc|x86.Build.0 = Release|Any CPU
		{A222DC56-ACFB-42CB-A9B0-05BF381BF0DE}.Ad-Hoc|x86.Deploy.0 = Release|Any CPU
		{A222DC56-ACFB-42CB-A9B0-05BF381BF0DE}.AppStore|Any CPU.ActiveCfg = Release|Any CPU
		{A222DC56-ACFB-42CB-A9B0-05BF381BF0DE}.AppStore|Any CPU.Build.0 = Release|Any CPU
		{A222DC56-ACFB-42CB-A9B0-05BF381BF0DE}.AppStore|Any CPU.Deploy.0 = Release|Any CPU
		{A222DC56-ACFB-42CB-A9B0-05BF381BF0DE}.AppStore|ARM.ActiveCfg = Release|Any CPU
		{A222DC56-ACFB-42CB-A9B0-05BF381BF0DE}.AppStore|ARM.Build.0 = Release|Any CPU
		{A222DC56-ACFB-42CB-A9B0-05BF381BF0DE}.AppStore|ARM.Deploy.0 = Release|Any CPU
		{A222DC56-ACFB-42CB-A9B0-05BF381BF0DE}.AppStore|iPhone.ActiveCfg = Release|Any CPU
		{A222DC56-ACFB-42CB-A9B0-05BF381BF0DE}.AppStore|iPhone.Build.0 = Release|Any CPU
		{A222DC56-ACFB-42CB-A9B0-05BF381BF0DE}.AppStore|iPhone.Deploy.0 = Release|Any CPU
		{A222DC56-ACFB-42CB-A9B0-05BF381BF0DE}.AppStore|iPhoneSimulator.ActiveCfg = Release|Any CPU
		{A222DC56-ACFB-42CB-A9B0-05BF381BF0DE}.AppStore|iPhoneSimulator.Build.0 = Release|Any CPU
		{A222DC56-ACFB-42CB-A9B0-05BF381BF0DE}.AppStore|iPhoneSimulator.Deploy.0 = Release|Any CPU
		{A222DC56-ACFB-42CB-A9B0-05BF381BF0DE}.AppStore|x64.ActiveCfg = Release|Any CPU
		{A222DC56-ACFB-42CB-A9B0-05BF381BF0DE}.AppStore|x64.Build.0 = Release|Any CPU
		{A222DC56-ACFB-42CB-A9B0-05BF381BF0DE}.AppStore|x64.Deploy.0 = Release|Any CPU
		{A222DC56-ACFB-42CB-A9B0-05BF381BF0DE}.AppStore|x86.ActiveCfg = Release|Any CPU
		{A222DC56-ACFB-42CB-A9B0-05BF381BF0DE}.AppStore|x86.Build.0 = Release|Any CPU
		{A222DC56-ACFB-42CB-A9B0-05BF381BF0DE}.AppStore|x86.Deploy.0 = Release|Any CPU
		{A222DC56-ACFB-42CB-A9B0-05BF381BF0DE}.Debug|Any CPU.ActiveCfg = Debug|Any CPU
		{A222DC56-ACFB-42CB-A9B0-05BF381BF0DE}.Debug|Any CPU.Build.0 = Debug|Any CPU
		{A222DC56-ACFB-42CB-A9B0-05BF381BF0DE}.Debug|Any CPU.Deploy.0 = Debug|Any CPU
		{A222DC56-ACFB-42CB-A9B0-05BF381BF0DE}.Debug|ARM.ActiveCfg = Debug|Any CPU
		{A222DC56-ACFB-42CB-A9B0-05BF381BF0DE}.Debug|ARM.Build.0 = Debug|Any CPU
		{A222DC56-ACFB-42CB-A9B0-05BF381BF0DE}.Debug|ARM.Deploy.0 = Debug|Any CPU
		{A222DC56-ACFB-42CB-A9B0-05BF381BF0DE}.Debug|iPhone.ActiveCfg = Debug|Any CPU
		{A222DC56-ACFB-42CB-A9B0-05BF381BF0DE}.Debug|iPhone.Build.0 = Debug|Any CPU
		{A222DC56-ACFB-42CB-A9B0-05BF381BF0DE}.Debug|iPhone.Deploy.0 = Debug|Any CPU
		{A222DC56-ACFB-42CB-A9B0-05BF381BF0DE}.Debug|iPhoneSimulator.ActiveCfg = Debug|Any CPU
		{A222DC56-ACFB-42CB-A9B0-05BF381BF0DE}.Debug|iPhoneSimulator.Build.0 = Debug|Any CPU
		{A222DC56-ACFB-42CB-A9B0-05BF381BF0DE}.Debug|iPhoneSimulator.Deploy.0 = Debug|Any CPU
		{A222DC56-ACFB-42CB-A9B0-05BF381BF0DE}.Debug|x64.ActiveCfg = Debug|Any CPU
		{A222DC56-ACFB-42CB-A9B0-05BF381BF0DE}.Debug|x64.Build.0 = Debug|Any CPU
		{A222DC56-ACFB-42CB-A9B0-05BF381BF0DE}.Debug|x64.Deploy.0 = Debug|Any CPU
		{A222DC56-ACFB-42CB-A9B0-05BF381BF0DE}.Debug|x86.ActiveCfg = Debug|Any CPU
		{A222DC56-ACFB-42CB-A9B0-05BF381BF0DE}.Debug|x86.Build.0 = Debug|Any CPU
		{A222DC56-ACFB-42CB-A9B0-05BF381BF0DE}.Debug|x86.Deploy.0 = Debug|Any CPU
		{A222DC56-ACFB-42CB-A9B0-05BF381BF0DE}.Release|Any CPU.ActiveCfg = Release|Any CPU
		{A222DC56-ACFB-42CB-A9B0-05BF381BF0DE}.Release|Any CPU.Build.0 = Release|Any CPU
		{A222DC56-ACFB-42CB-A9B0-05BF381BF0DE}.Release|Any CPU.Deploy.0 = Release|Any CPU
		{A222DC56-ACFB-42CB-A9B0-05BF381BF0DE}.Release|ARM.ActiveCfg = Release|Any CPU
		{A222DC56-ACFB-42CB-A9B0-05BF381BF0DE}.Release|ARM.Build.0 = Release|Any CPU
		{A222DC56-ACFB-42CB-A9B0-05BF381BF0DE}.Release|ARM.Deploy.0 = Release|Any CPU
		{A222DC56-ACFB-42CB-A9B0-05BF381BF0DE}.Release|iPhone.ActiveCfg = Release|Any CPU
		{A222DC56-ACFB-42CB-A9B0-05BF381BF0DE}.Release|iPhone.Build.0 = Release|Any CPU
		{A222DC56-ACFB-42CB-A9B0-05BF381BF0DE}.Release|iPhone.Deploy.0 = Release|Any CPU
		{A222DC56-ACFB-42CB-A9B0-05BF381BF0DE}.Release|iPhoneSimulator.ActiveCfg = Release|Any CPU
		{A222DC56-ACFB-42CB-A9B0-05BF381BF0DE}.Release|iPhoneSimulator.Build.0 = Release|Any CPU
		{A222DC56-ACFB-42CB-A9B0-05BF381BF0DE}.Release|iPhoneSimulator.Deploy.0 = Release|Any CPU
		{A222DC56-ACFB-42CB-A9B0-05BF381BF0DE}.Release|x64.ActiveCfg = Release|Any CPU
		{A222DC56-ACFB-42CB-A9B0-05BF381BF0DE}.Release|x64.Build.0 = Release|Any CPU
		{A222DC56-ACFB-42CB-A9B0-05BF381BF0DE}.Release|x64.Deploy.0 = Release|Any CPU
		{A222DC56-ACFB-42CB-A9B0-05BF381BF0DE}.Release|x86.ActiveCfg = Release|Any CPU
		{A222DC56-ACFB-42CB-A9B0-05BF381BF0DE}.Release|x86.Build.0 = Release|Any CPU
		{A222DC56-ACFB-42CB-A9B0-05BF381BF0DE}.Release|x86.Deploy.0 = Release|Any CPU
		{4C60A2B5-31A8-4B70-96A0-C551DD81A958}.Ad-Hoc|Any CPU.ActiveCfg = Ad-Hoc|iPhone
		{4C60A2B5-31A8-4B70-96A0-C551DD81A958}.Ad-Hoc|ARM.ActiveCfg = Ad-Hoc|iPhone
		{4C60A2B5-31A8-4B70-96A0-C551DD81A958}.Ad-Hoc|iPhone.ActiveCfg = Ad-Hoc|iPhone
		{4C60A2B5-31A8-4B70-96A0-C551DD81A958}.Ad-Hoc|iPhone.Build.0 = Ad-Hoc|iPhone
		{4C60A2B5-31A8-4B70-96A0-C551DD81A958}.Ad-Hoc|iPhoneSimulator.ActiveCfg = Ad-Hoc|iPhoneSimulator
		{4C60A2B5-31A8-4B70-96A0-C551DD81A958}.Ad-Hoc|iPhoneSimulator.Build.0 = Ad-Hoc|iPhoneSimulator
		{4C60A2B5-31A8-4B70-96A0-C551DD81A958}.Ad-Hoc|x64.ActiveCfg = Ad-Hoc|iPhone
		{4C60A2B5-31A8-4B70-96A0-C551DD81A958}.Ad-Hoc|x86.ActiveCfg = Ad-Hoc|iPhone
		{4C60A2B5-31A8-4B70-96A0-C551DD81A958}.AppStore|Any CPU.ActiveCfg = AppStore|iPhone
		{4C60A2B5-31A8-4B70-96A0-C551DD81A958}.AppStore|ARM.ActiveCfg = AppStore|iPhone
		{4C60A2B5-31A8-4B70-96A0-C551DD81A958}.AppStore|iPhone.ActiveCfg = AppStore|iPhone
		{4C60A2B5-31A8-4B70-96A0-C551DD81A958}.AppStore|iPhone.Build.0 = AppStore|iPhone
		{4C60A2B5-31A8-4B70-96A0-C551DD81A958}.AppStore|iPhoneSimulator.ActiveCfg = AppStore|iPhoneSimulator
		{4C60A2B5-31A8-4B70-96A0-C551DD81A958}.AppStore|iPhoneSimulator.Build.0 = AppStore|iPhoneSimulator
		{4C60A2B5-31A8-4B70-96A0-C551DD81A958}.AppStore|x64.ActiveCfg = AppStore|iPhone
		{4C60A2B5-31A8-4B70-96A0-C551DD81A958}.AppStore|x86.ActiveCfg = AppStore|iPhone
		{4C60A2B5-31A8-4B70-96A0-C551DD81A958}.Debug|Any CPU.ActiveCfg = Debug|iPhone
		{4C60A2B5-31A8-4B70-96A0-C551DD81A958}.Debug|ARM.ActiveCfg = Debug|iPhone
		{4C60A2B5-31A8-4B70-96A0-C551DD81A958}.Debug|iPhone.ActiveCfg = Debug|iPhone
		{4C60A2B5-31A8-4B70-96A0-C551DD81A958}.Debug|iPhone.Build.0 = Debug|iPhone
		{4C60A2B5-31A8-4B70-96A0-C551DD81A958}.Debug|iPhoneSimulator.ActiveCfg = Debug|iPhoneSimulator
		{4C60A2B5-31A8-4B70-96A0-C551DD81A958}.Debug|iPhoneSimulator.Build.0 = Debug|iPhoneSimulator
		{4C60A2B5-31A8-4B70-96A0-C551DD81A958}.Debug|x64.ActiveCfg = Debug|iPhone
		{4C60A2B5-31A8-4B70-96A0-C551DD81A958}.Debug|x86.ActiveCfg = Debug|iPhone
		{4C60A2B5-31A8-4B70-96A0-C551DD81A958}.Release|Any CPU.ActiveCfg = Release|iPhone
		{4C60A2B5-31A8-4B70-96A0-C551DD81A958}.Release|ARM.ActiveCfg = Release|iPhone
		{4C60A2B5-31A8-4B70-96A0-C551DD81A958}.Release|iPhone.ActiveCfg = Release|iPhone
		{4C60A2B5-31A8-4B70-96A0-C551DD81A958}.Release|iPhone.Build.0 = Release|iPhone
		{4C60A2B5-31A8-4B70-96A0-C551DD81A958}.Release|iPhoneSimulator.ActiveCfg = Release|iPhoneSimulator
		{4C60A2B5-31A8-4B70-96A0-C551DD81A958}.Release|iPhoneSimulator.Build.0 = Release|iPhoneSimulator
		{4C60A2B5-31A8-4B70-96A0-C551DD81A958}.Release|x64.ActiveCfg = Release|iPhone
		{4C60A2B5-31A8-4B70-96A0-C551DD81A958}.Release|x86.ActiveCfg = Release|iPhone
		{C25393B3-BE23-4F5A-A1DA-5FA578F438C7}.Ad-Hoc|Any CPU.ActiveCfg = Release|Any CPU
		{C25393B3-BE23-4F5A-A1DA-5FA578F438C7}.Ad-Hoc|Any CPU.Build.0 = Release|Any CPU
		{C25393B3-BE23-4F5A-A1DA-5FA578F438C7}.Ad-Hoc|Any CPU.Deploy.0 = Release|Any CPU
		{C25393B3-BE23-4F5A-A1DA-5FA578F438C7}.Ad-Hoc|ARM.ActiveCfg = Release|ARM
		{C25393B3-BE23-4F5A-A1DA-5FA578F438C7}.Ad-Hoc|ARM.Build.0 = Release|ARM
		{C25393B3-BE23-4F5A-A1DA-5FA578F438C7}.Ad-Hoc|ARM.Deploy.0 = Release|ARM
		{C25393B3-BE23-4F5A-A1DA-5FA578F438C7}.Ad-Hoc|iPhone.ActiveCfg = Release|Any CPU
		{C25393B3-BE23-4F5A-A1DA-5FA578F438C7}.Ad-Hoc|iPhone.Build.0 = Release|Any CPU
		{C25393B3-BE23-4F5A-A1DA-5FA578F438C7}.Ad-Hoc|iPhone.Deploy.0 = Release|Any CPU
		{C25393B3-BE23-4F5A-A1DA-5FA578F438C7}.Ad-Hoc|iPhoneSimulator.ActiveCfg = Release|Any CPU
		{C25393B3-BE23-4F5A-A1DA-5FA578F438C7}.Ad-Hoc|iPhoneSimulator.Build.0 = Release|Any CPU
		{C25393B3-BE23-4F5A-A1DA-5FA578F438C7}.Ad-Hoc|iPhoneSimulator.Deploy.0 = Release|Any CPU
		{C25393B3-BE23-4F5A-A1DA-5FA578F438C7}.Ad-Hoc|x64.ActiveCfg = Release|Any CPU
		{C25393B3-BE23-4F5A-A1DA-5FA578F438C7}.Ad-Hoc|x64.Build.0 = Release|Any CPU
		{C25393B3-BE23-4F5A-A1DA-5FA578F438C7}.Ad-Hoc|x64.Deploy.0 = Release|Any CPU
		{C25393B3-BE23-4F5A-A1DA-5FA578F438C7}.Ad-Hoc|x86.ActiveCfg = Release|x86
		{C25393B3-BE23-4F5A-A1DA-5FA578F438C7}.Ad-Hoc|x86.Build.0 = Release|x86
		{C25393B3-BE23-4F5A-A1DA-5FA578F438C7}.Ad-Hoc|x86.Deploy.0 = Release|x86
		{C25393B3-BE23-4F5A-A1DA-5FA578F438C7}.AppStore|Any CPU.ActiveCfg = Release|Any CPU
		{C25393B3-BE23-4F5A-A1DA-5FA578F438C7}.AppStore|Any CPU.Build.0 = Release|Any CPU
		{C25393B3-BE23-4F5A-A1DA-5FA578F438C7}.AppStore|Any CPU.Deploy.0 = Release|Any CPU
		{C25393B3-BE23-4F5A-A1DA-5FA578F438C7}.AppStore|ARM.ActiveCfg = Release|ARM
		{C25393B3-BE23-4F5A-A1DA-5FA578F438C7}.AppStore|ARM.Build.0 = Release|ARM
		{C25393B3-BE23-4F5A-A1DA-5FA578F438C7}.AppStore|ARM.Deploy.0 = Release|ARM
		{C25393B3-BE23-4F5A-A1DA-5FA578F438C7}.AppStore|iPhone.ActiveCfg = Release|Any CPU
		{C25393B3-BE23-4F5A-A1DA-5FA578F438C7}.AppStore|iPhone.Build.0 = Release|Any CPU
		{C25393B3-BE23-4F5A-A1DA-5FA578F438C7}.AppStore|iPhone.Deploy.0 = Release|Any CPU
		{C25393B3-BE23-4F5A-A1DA-5FA578F438C7}.AppStore|iPhoneSimulator.ActiveCfg = Release|Any CPU
		{C25393B3-BE23-4F5A-A1DA-5FA578F438C7}.AppStore|iPhoneSimulator.Build.0 = Release|Any CPU
		{C25393B3-BE23-4F5A-A1DA-5FA578F438C7}.AppStore|iPhoneSimulator.Deploy.0 = Release|Any CPU
		{C25393B3-BE23-4F5A-A1DA-5FA578F438C7}.AppStore|x64.ActiveCfg = Release|Any CPU
		{C25393B3-BE23-4F5A-A1DA-5FA578F438C7}.AppStore|x64.Build.0 = Release|Any CPU
		{C25393B3-BE23-4F5A-A1DA-5FA578F438C7}.AppStore|x64.Deploy.0 = Release|Any CPU
		{C25393B3-BE23-4F5A-A1DA-5FA578F438C7}.AppStore|x86.ActiveCfg = Release|x86
		{C25393B3-BE23-4F5A-A1DA-5FA578F438C7}.AppStore|x86.Build.0 = Release|x86
		{C25393B3-BE23-4F5A-A1DA-5FA578F438C7}.AppStore|x86.Deploy.0 = Release|x86
		{C25393B3-BE23-4F5A-A1DA-5FA578F438C7}.Debug|Any CPU.ActiveCfg = Debug|Any CPU
		{C25393B3-BE23-4F5A-A1DA-5FA578F438C7}.Debug|Any CPU.Build.0 = Debug|Any CPU
		{C25393B3-BE23-4F5A-A1DA-5FA578F438C7}.Debug|Any CPU.Deploy.0 = Debug|Any CPU
		{C25393B3-BE23-4F5A-A1DA-5FA578F438C7}.Debug|ARM.ActiveCfg = Debug|ARM
		{C25393B3-BE23-4F5A-A1DA-5FA578F438C7}.Debug|ARM.Build.0 = Debug|ARM
		{C25393B3-BE23-4F5A-A1DA-5FA578F438C7}.Debug|ARM.Deploy.0 = Debug|ARM
		{C25393B3-BE23-4F5A-A1DA-5FA578F438C7}.Debug|iPhone.ActiveCfg = Debug|Any CPU
		{C25393B3-BE23-4F5A-A1DA-5FA578F438C7}.Debug|iPhone.Build.0 = Debug|Any CPU
		{C25393B3-BE23-4F5A-A1DA-5FA578F438C7}.Debug|iPhone.Deploy.0 = Debug|Any CPU
		{C25393B3-BE23-4F5A-A1DA-5FA578F438C7}.Debug|iPhoneSimulator.ActiveCfg = Debug|Any CPU
		{C25393B3-BE23-4F5A-A1DA-5FA578F438C7}.Debug|iPhoneSimulator.Build.0 = Debug|Any CPU
		{C25393B3-BE23-4F5A-A1DA-5FA578F438C7}.Debug|iPhoneSimulator.Deploy.0 = Debug|Any CPU
		{C25393B3-BE23-4F5A-A1DA-5FA578F438C7}.Debug|x64.ActiveCfg = Debug|Any CPU
		{C25393B3-BE23-4F5A-A1DA-5FA578F438C7}.Debug|x64.Build.0 = Debug|Any CPU
		{C25393B3-BE23-4F5A-A1DA-5FA578F438C7}.Debug|x64.Deploy.0 = Debug|Any CPU
		{C25393B3-BE23-4F5A-A1DA-5FA578F438C7}.Debug|x86.ActiveCfg = Debug|x86
		{C25393B3-BE23-4F5A-A1DA-5FA578F438C7}.Debug|x86.Build.0 = Debug|x86
		{C25393B3-BE23-4F5A-A1DA-5FA578F438C7}.Debug|x86.Deploy.0 = Debug|x86
		{C25393B3-BE23-4F5A-A1DA-5FA578F438C7}.Release|Any CPU.ActiveCfg = Release|Any CPU
		{C25393B3-BE23-4F5A-A1DA-5FA578F438C7}.Release|Any CPU.Build.0 = Release|Any CPU
		{C25393B3-BE23-4F5A-A1DA-5FA578F438C7}.Release|Any CPU.Deploy.0 = Release|Any CPU
		{C25393B3-BE23-4F5A-A1DA-5FA578F438C7}.Release|ARM.ActiveCfg = Release|ARM
		{C25393B3-BE23-4F5A-A1DA-5FA578F438C7}.Release|ARM.Build.0 = Release|ARM
		{C25393B3-BE23-4F5A-A1DA-5FA578F438C7}.Release|ARM.Deploy.0 = Release|ARM
		{C25393B3-BE23-4F5A-A1DA-5FA578F438C7}.Release|iPhone.ActiveCfg = Release|Any CPU
		{C25393B3-BE23-4F5A-A1DA-5FA578F438C7}.Release|iPhone.Build.0 = Release|Any CPU
		{C25393B3-BE23-4F5A-A1DA-5FA578F438C7}.Release|iPhone.Deploy.0 = Release|Any CPU
		{C25393B3-BE23-4F5A-A1DA-5FA578F438C7}.Release|iPhoneSimulator.ActiveCfg = Release|Any CPU
		{C25393B3-BE23-4F5A-A1DA-5FA578F438C7}.Release|iPhoneSimulator.Build.0 = Release|Any CPU
		{C25393B3-BE23-4F5A-A1DA-5FA578F438C7}.Release|iPhoneSimulator.Deploy.0 = Release|Any CPU
		{C25393B3-BE23-4F5A-A1DA-5FA578F438C7}.Release|x64.ActiveCfg = Release|Any CPU
		{C25393B3-BE23-4F5A-A1DA-5FA578F438C7}.Release|x64.Build.0 = Release|Any CPU
		{C25393B3-BE23-4F5A-A1DA-5FA578F438C7}.Release|x64.Deploy.0 = Release|Any CPU
		{C25393B3-BE23-4F5A-A1DA-5FA578F438C7}.Release|x86.ActiveCfg = Release|x86
		{C25393B3-BE23-4F5A-A1DA-5FA578F438C7}.Release|x86.Build.0 = Release|x86
		{C25393B3-BE23-4F5A-A1DA-5FA578F438C7}.Release|x86.Deploy.0 = Release|x86
		{DB6F559B-6802-46EE-8D81-41CBA6FA9A59}.Ad-Hoc|Any CPU.ActiveCfg = Release|x86
		{DB6F559B-6802-46EE-8D81-41CBA6FA9A59}.Ad-Hoc|Any CPU.Build.0 = Release|x86
		{DB6F559B-6802-46EE-8D81-41CBA6FA9A59}.Ad-Hoc|Any CPU.Deploy.0 = Release|x86
		{DB6F559B-6802-46EE-8D81-41CBA6FA9A59}.Ad-Hoc|ARM.ActiveCfg = Release|ARM
		{DB6F559B-6802-46EE-8D81-41CBA6FA9A59}.Ad-Hoc|ARM.Build.0 = Release|ARM
		{DB6F559B-6802-46EE-8D81-41CBA6FA9A59}.Ad-Hoc|ARM.Deploy.0 = Release|ARM
		{DB6F559B-6802-46EE-8D81-41CBA6FA9A59}.Ad-Hoc|iPhone.ActiveCfg = Release|x86
		{DB6F559B-6802-46EE-8D81-41CBA6FA9A59}.Ad-Hoc|iPhone.Build.0 = Release|x86
		{DB6F559B-6802-46EE-8D81-41CBA6FA9A59}.Ad-Hoc|iPhone.Deploy.0 = Release|x86
		{DB6F559B-6802-46EE-8D81-41CBA6FA9A59}.Ad-Hoc|iPhoneSimulator.ActiveCfg = Release|x86
		{DB6F559B-6802-46EE-8D81-41CBA6FA9A59}.Ad-Hoc|iPhoneSimulator.Build.0 = Release|x86
		{DB6F559B-6802-46EE-8D81-41CBA6FA9A59}.Ad-Hoc|iPhoneSimulator.Deploy.0 = Release|x86
		{DB6F559B-6802-46EE-8D81-41CBA6FA9A59}.Ad-Hoc|x64.ActiveCfg = Release|x64
		{DB6F559B-6802-46EE-8D81-41CBA6FA9A59}.Ad-Hoc|x64.Build.0 = Release|x64
		{DB6F559B-6802-46EE-8D81-41CBA6FA9A59}.Ad-Hoc|x64.Deploy.0 = Release|x64
		{DB6F559B-6802-46EE-8D81-41CBA6FA9A59}.Ad-Hoc|x86.ActiveCfg = Release|x86
		{DB6F559B-6802-46EE-8D81-41CBA6FA9A59}.Ad-Hoc|x86.Build.0 = Release|x86
		{DB6F559B-6802-46EE-8D81-41CBA6FA9A59}.Ad-Hoc|x86.Deploy.0 = Release|x86
		{DB6F559B-6802-46EE-8D81-41CBA6FA9A59}.AppStore|Any CPU.ActiveCfg = Release|x86
		{DB6F559B-6802-46EE-8D81-41CBA6FA9A59}.AppStore|Any CPU.Build.0 = Release|x86
		{DB6F559B-6802-46EE-8D81-41CBA6FA9A59}.AppStore|Any CPU.Deploy.0 = Release|x86
		{DB6F559B-6802-46EE-8D81-41CBA6FA9A59}.AppStore|ARM.ActiveCfg = Release|ARM
		{DB6F559B-6802-46EE-8D81-41CBA6FA9A59}.AppStore|ARM.Build.0 = Release|ARM
		{DB6F559B-6802-46EE-8D81-41CBA6FA9A59}.AppStore|ARM.Deploy.0 = Release|ARM
		{DB6F559B-6802-46EE-8D81-41CBA6FA9A59}.AppStore|iPhone.ActiveCfg = Release|x86
		{DB6F559B-6802-46EE-8D81-41CBA6FA9A59}.AppStore|iPhone.Build.0 = Release|x86
		{DB6F559B-6802-46EE-8D81-41CBA6FA9A59}.AppStore|iPhone.Deploy.0 = Release|x86
		{DB6F559B-6802-46EE-8D81-41CBA6FA9A59}.AppStore|iPhoneSimulator.ActiveCfg = Release|x86
		{DB6F559B-6802-46EE-8D81-41CBA6FA9A59}.AppStore|iPhoneSimulator.Build.0 = Release|x86
		{DB6F559B-6802-46EE-8D81-41CBA6FA9A59}.AppStore|iPhoneSimulator.Deploy.0 = Release|x86
		{DB6F559B-6802-46EE-8D81-41CBA6FA9A59}.AppStore|x64.ActiveCfg = Release|x64
		{DB6F559B-6802-46EE-8D81-41CBA6FA9A59}.AppStore|x64.Build.0 = Release|x64
		{DB6F559B-6802-46EE-8D81-41CBA6FA9A59}.AppStore|x64.Deploy.0 = Release|x64
		{DB6F559B-6802-46EE-8D81-41CBA6FA9A59}.AppStore|x86.ActiveCfg = Release|x86
		{DB6F559B-6802-46EE-8D81-41CBA6FA9A59}.AppStore|x86.Build.0 = Release|x86
		{DB6F559B-6802-46EE-8D81-41CBA6FA9A59}.AppStore|x86.Deploy.0 = Release|x86
		{DB6F559B-6802-46EE-8D81-41CBA6FA9A59}.Debug|Any CPU.ActiveCfg = Debug|x86
		{DB6F559B-6802-46EE-8D81-41CBA6FA9A59}.Debug|ARM.ActiveCfg = Debug|ARM
		{DB6F559B-6802-46EE-8D81-41CBA6FA9A59}.Debug|ARM.Build.0 = Debug|ARM
		{DB6F559B-6802-46EE-8D81-41CBA6FA9A59}.Debug|ARM.Deploy.0 = Debug|ARM
		{DB6F559B-6802-46EE-8D81-41CBA6FA9A59}.Debug|iPhone.ActiveCfg = Debug|x86
		{DB6F559B-6802-46EE-8D81-41CBA6FA9A59}.Debug|iPhoneSimulator.ActiveCfg = Debug|x86
		{DB6F559B-6802-46EE-8D81-41CBA6FA9A59}.Debug|x64.ActiveCfg = Debug|x64
		{DB6F559B-6802-46EE-8D81-41CBA6FA9A59}.Debug|x64.Build.0 = Debug|x64
		{DB6F559B-6802-46EE-8D81-41CBA6FA9A59}.Debug|x64.Deploy.0 = Debug|x64
		{DB6F559B-6802-46EE-8D81-41CBA6FA9A59}.Debug|x86.ActiveCfg = Debug|x86
		{DB6F559B-6802-46EE-8D81-41CBA6FA9A59}.Debug|x86.Build.0 = Debug|x86
		{DB6F559B-6802-46EE-8D81-41CBA6FA9A59}.Debug|x86.Deploy.0 = Debug|x86
		{DB6F559B-6802-46EE-8D81-41CBA6FA9A59}.Release|Any CPU.ActiveCfg = Release|x86
		{DB6F559B-6802-46EE-8D81-41CBA6FA9A59}.Release|ARM.ActiveCfg = Release|ARM
		{DB6F559B-6802-46EE-8D81-41CBA6FA9A59}.Release|ARM.Build.0 = Release|ARM
		{DB6F559B-6802-46EE-8D81-41CBA6FA9A59}.Release|ARM.Deploy.0 = Release|ARM
		{DB6F559B-6802-46EE-8D81-41CBA6FA9A59}.Release|iPhone.ActiveCfg = Release|x86
		{DB6F559B-6802-46EE-8D81-41CBA6FA9A59}.Release|iPhoneSimulator.ActiveCfg = Release|x86
		{DB6F559B-6802-46EE-8D81-41CBA6FA9A59}.Release|x64.ActiveCfg = Release|x64
		{DB6F559B-6802-46EE-8D81-41CBA6FA9A59}.Release|x64.Build.0 = Release|x64
		{DB6F559B-6802-46EE-8D81-41CBA6FA9A59}.Release|x64.Deploy.0 = Release|x64
		{DB6F559B-6802-46EE-8D81-41CBA6FA9A59}.Release|x86.ActiveCfg = Release|x86
		{DB6F559B-6802-46EE-8D81-41CBA6FA9A59}.Release|x86.Build.0 = Release|x86
		{DB6F559B-6802-46EE-8D81-41CBA6FA9A59}.Release|x86.Deploy.0 = Release|x86
		{AB7E4825-8BC3-4134-85C0-07D18979CCE1}.Ad-Hoc|Any CPU.ActiveCfg = Release|Any CPU
		{AB7E4825-8BC3-4134-85C0-07D18979CCE1}.Ad-Hoc|Any CPU.Build.0 = Release|Any CPU
		{AB7E4825-8BC3-4134-85C0-07D18979CCE1}.Ad-Hoc|Any CPU.Deploy.0 = Release|Any CPU
		{AB7E4825-8BC3-4134-85C0-07D18979CCE1}.Ad-Hoc|ARM.ActiveCfg = Release|ARM
		{AB7E4825-8BC3-4134-85C0-07D18979CCE1}.Ad-Hoc|ARM.Build.0 = Release|ARM
		{AB7E4825-8BC3-4134-85C0-07D18979CCE1}.Ad-Hoc|ARM.Deploy.0 = Release|ARM
		{AB7E4825-8BC3-4134-85C0-07D18979CCE1}.Ad-Hoc|iPhone.ActiveCfg = Release|Any CPU
		{AB7E4825-8BC3-4134-85C0-07D18979CCE1}.Ad-Hoc|iPhone.Build.0 = Release|Any CPU
		{AB7E4825-8BC3-4134-85C0-07D18979CCE1}.Ad-Hoc|iPhone.Deploy.0 = Release|Any CPU
		{AB7E4825-8BC3-4134-85C0-07D18979CCE1}.Ad-Hoc|iPhoneSimulator.ActiveCfg = Release|Any CPU
		{AB7E4825-8BC3-4134-85C0-07D18979CCE1}.Ad-Hoc|iPhoneSimulator.Build.0 = Release|Any CPU
		{AB7E4825-8BC3-4134-85C0-07D18979CCE1}.Ad-Hoc|iPhoneSimulator.Deploy.0 = Release|Any CPU
		{AB7E4825-8BC3-4134-85C0-07D18979CCE1}.Ad-Hoc|x64.ActiveCfg = Release|x64
		{AB7E4825-8BC3-4134-85C0-07D18979CCE1}.Ad-Hoc|x64.Build.0 = Release|x64
		{AB7E4825-8BC3-4134-85C0-07D18979CCE1}.Ad-Hoc|x64.Deploy.0 = Release|x64
		{AB7E4825-8BC3-4134-85C0-07D18979CCE1}.Ad-Hoc|x86.ActiveCfg = Release|x86
		{AB7E4825-8BC3-4134-85C0-07D18979CCE1}.Ad-Hoc|x86.Build.0 = Release|x86
		{AB7E4825-8BC3-4134-85C0-07D18979CCE1}.Ad-Hoc|x86.Deploy.0 = Release|x86
		{AB7E4825-8BC3-4134-85C0-07D18979CCE1}.AppStore|Any CPU.ActiveCfg = Release|Any CPU
		{AB7E4825-8BC3-4134-85C0-07D18979CCE1}.AppStore|Any CPU.Build.0 = Release|Any CPU
		{AB7E4825-8BC3-4134-85C0-07D18979CCE1}.AppStore|Any CPU.Deploy.0 = Release|Any CPU
		{AB7E4825-8BC3-4134-85C0-07D18979CCE1}.AppStore|ARM.ActiveCfg = Release|ARM
		{AB7E4825-8BC3-4134-85C0-07D18979CCE1}.AppStore|ARM.Build.0 = Release|ARM
		{AB7E4825-8BC3-4134-85C0-07D18979CCE1}.AppStore|ARM.Deploy.0 = Release|ARM
		{AB7E4825-8BC3-4134-85C0-07D18979CCE1}.AppStore|iPhone.ActiveCfg = Release|Any CPU
		{AB7E4825-8BC3-4134-85C0-07D18979CCE1}.AppStore|iPhone.Build.0 = Release|Any CPU
		{AB7E4825-8BC3-4134-85C0-07D18979CCE1}.AppStore|iPhone.Deploy.0 = Release|Any CPU
		{AB7E4825-8BC3-4134-85C0-07D18979CCE1}.AppStore|iPhoneSimulator.ActiveCfg = Release|Any CPU
		{AB7E4825-8BC3-4134-85C0-07D18979CCE1}.AppStore|iPhoneSimulator.Build.0 = Release|Any CPU
		{AB7E4825-8BC3-4134-85C0-07D18979CCE1}.AppStore|iPhoneSimulator.Deploy.0 = Release|Any CPU
		{AB7E4825-8BC3-4134-85C0-07D18979CCE1}.AppStore|x64.ActiveCfg = Release|x64
		{AB7E4825-8BC3-4134-85C0-07D18979CCE1}.AppStore|x64.Build.0 = Release|x64
		{AB7E4825-8BC3-4134-85C0-07D18979CCE1}.AppStore|x64.Deploy.0 = Release|x64
		{AB7E4825-8BC3-4134-85C0-07D18979CCE1}.AppStore|x86.ActiveCfg = Release|x86
		{AB7E4825-8BC3-4134-85C0-07D18979CCE1}.AppStore|x86.Build.0 = Release|x86
		{AB7E4825-8BC3-4134-85C0-07D18979CCE1}.AppStore|x86.Deploy.0 = Release|x86
		{AB7E4825-8BC3-4134-85C0-07D18979CCE1}.Debug|Any CPU.ActiveCfg = Debug|Any CPU
		{AB7E4825-8BC3-4134-85C0-07D18979CCE1}.Debug|Any CPU.Build.0 = Debug|Any CPU
		{AB7E4825-8BC3-4134-85C0-07D18979CCE1}.Debug|Any CPU.Deploy.0 = Debug|Any CPU
		{AB7E4825-8BC3-4134-85C0-07D18979CCE1}.Debug|ARM.ActiveCfg = Debug|ARM
		{AB7E4825-8BC3-4134-85C0-07D18979CCE1}.Debug|ARM.Build.0 = Debug|ARM
		{AB7E4825-8BC3-4134-85C0-07D18979CCE1}.Debug|ARM.Deploy.0 = Debug|ARM
		{AB7E4825-8BC3-4134-85C0-07D18979CCE1}.Debug|iPhone.ActiveCfg = Debug|Any CPU
		{AB7E4825-8BC3-4134-85C0-07D18979CCE1}.Debug|iPhone.Build.0 = Debug|Any CPU
		{AB7E4825-8BC3-4134-85C0-07D18979CCE1}.Debug|iPhone.Deploy.0 = Debug|Any CPU
		{AB7E4825-8BC3-4134-85C0-07D18979CCE1}.Debug|iPhoneSimulator.ActiveCfg = Debug|Any CPU
		{AB7E4825-8BC3-4134-85C0-07D18979CCE1}.Debug|iPhoneSimulator.Build.0 = Debug|Any CPU
		{AB7E4825-8BC3-4134-85C0-07D18979CCE1}.Debug|iPhoneSimulator.Deploy.0 = Debug|Any CPU
		{AB7E4825-8BC3-4134-85C0-07D18979CCE1}.Debug|x64.ActiveCfg = Debug|x64
		{AB7E4825-8BC3-4134-85C0-07D18979CCE1}.Debug|x64.Build.0 = Debug|x64
		{AB7E4825-8BC3-4134-85C0-07D18979CCE1}.Debug|x64.Deploy.0 = Debug|x64
		{AB7E4825-8BC3-4134-85C0-07D18979CCE1}.Debug|x86.ActiveCfg = Debug|x86
		{AB7E4825-8BC3-4134-85C0-07D18979CCE1}.Debug|x86.Build.0 = Debug|x86
		{AB7E4825-8BC3-4134-85C0-07D18979CCE1}.Debug|x86.Deploy.0 = Debug|x86
		{AB7E4825-8BC3-4134-85C0-07D18979CCE1}.Release|Any CPU.ActiveCfg = Release|Any CPU
		{AB7E4825-8BC3-4134-85C0-07D18979CCE1}.Release|Any CPU.Build.0 = Release|Any CPU
		{AB7E4825-8BC3-4134-85C0-07D18979CCE1}.Release|Any CPU.Deploy.0 = Release|Any CPU
		{AB7E4825-8BC3-4134-85C0-07D18979CCE1}.Release|ARM.ActiveCfg = Release|ARM
		{AB7E4825-8BC3-4134-85C0-07D18979CCE1}.Release|ARM.Build.0 = Release|ARM
		{AB7E4825-8BC3-4134-85C0-07D18979CCE1}.Release|ARM.Deploy.0 = Release|ARM
		{AB7E4825-8BC3-4134-85C0-07D18979CCE1}.Release|iPhone.ActiveCfg = Release|Any CPU
		{AB7E4825-8BC3-4134-85C0-07D18979CCE1}.Release|iPhone.Build.0 = Release|Any CPU
		{AB7E4825-8BC3-4134-85C0-07D18979CCE1}.Release|iPhone.Deploy.0 = Release|Any CPU
		{AB7E4825-8BC3-4134-85C0-07D18979CCE1}.Release|iPhoneSimulator.ActiveCfg = Release|Any CPU
		{AB7E4825-8BC3-4134-85C0-07D18979CCE1}.Release|iPhoneSimulator.Build.0 = Release|Any CPU
		{AB7E4825-8BC3-4134-85C0-07D18979CCE1}.Release|iPhoneSimulator.Deploy.0 = Release|Any CPU
		{AB7E4825-8BC3-4134-85C0-07D18979CCE1}.Release|x64.ActiveCfg = Release|x64
		{AB7E4825-8BC3-4134-85C0-07D18979CCE1}.Release|x64.Build.0 = Release|x64
		{AB7E4825-8BC3-4134-85C0-07D18979CCE1}.Release|x64.Deploy.0 = Release|x64
		{AB7E4825-8BC3-4134-85C0-07D18979CCE1}.Release|x86.ActiveCfg = Release|x86
		{AB7E4825-8BC3-4134-85C0-07D18979CCE1}.Release|x86.Build.0 = Release|x86
		{AB7E4825-8BC3-4134-85C0-07D18979CCE1}.Release|x86.Deploy.0 = Release|x86
		{F31A34EA-8C22-469A-8029-A12954C9EC30}.Ad-Hoc|Any CPU.ActiveCfg = Release|Any CPU
		{F31A34EA-8C22-469A-8029-A12954C9EC30}.Ad-Hoc|Any CPU.Build.0 = Release|Any CPU
		{F31A34EA-8C22-469A-8029-A12954C9EC30}.Ad-Hoc|ARM.ActiveCfg = Release|Any CPU
		{F31A34EA-8C22-469A-8029-A12954C9EC30}.Ad-Hoc|ARM.Build.0 = Release|Any CPU
		{F31A34EA-8C22-469A-8029-A12954C9EC30}.Ad-Hoc|iPhone.ActiveCfg = Release|Any CPU
		{F31A34EA-8C22-469A-8029-A12954C9EC30}.Ad-Hoc|iPhone.Build.0 = Release|Any CPU
		{F31A34EA-8C22-469A-8029-A12954C9EC30}.Ad-Hoc|iPhoneSimulator.ActiveCfg = Release|Any CPU
		{F31A34EA-8C22-469A-8029-A12954C9EC30}.Ad-Hoc|iPhoneSimulator.Build.0 = Release|Any CPU
		{F31A34EA-8C22-469A-8029-A12954C9EC30}.Ad-Hoc|x64.ActiveCfg = Release|Any CPU
		{F31A34EA-8C22-469A-8029-A12954C9EC30}.Ad-Hoc|x64.Build.0 = Release|Any CPU
		{F31A34EA-8C22-469A-8029-A12954C9EC30}.Ad-Hoc|x86.ActiveCfg = Release|Any CPU
		{F31A34EA-8C22-469A-8029-A12954C9EC30}.Ad-Hoc|x86.Build.0 = Release|Any CPU
		{F31A34EA-8C22-469A-8029-A12954C9EC30}.AppStore|Any CPU.ActiveCfg = Release|Any CPU
		{F31A34EA-8C22-469A-8029-A12954C9EC30}.AppStore|Any CPU.Build.0 = Release|Any CPU
		{F31A34EA-8C22-469A-8029-A12954C9EC30}.AppStore|ARM.ActiveCfg = Release|Any CPU
		{F31A34EA-8C22-469A-8029-A12954C9EC30}.AppStore|ARM.Build.0 = Release|Any CPU
		{F31A34EA-8C22-469A-8029-A12954C9EC30}.AppStore|iPhone.ActiveCfg = Release|Any CPU
		{F31A34EA-8C22-469A-8029-A12954C9EC30}.AppStore|iPhone.Build.0 = Release|Any CPU
		{F31A34EA-8C22-469A-8029-A12954C9EC30}.AppStore|iPhoneSimulator.ActiveCfg = Release|Any CPU
		{F31A34EA-8C22-469A-8029-A12954C9EC30}.AppStore|iPhoneSimulator.Build.0 = Release|Any CPU
		{F31A34EA-8C22-469A-8029-A12954C9EC30}.AppStore|x64.ActiveCfg = Release|Any CPU
		{F31A34EA-8C22-469A-8029-A12954C9EC30}.AppStore|x64.Build.0 = Release|Any CPU
		{F31A34EA-8C22-469A-8029-A12954C9EC30}.AppStore|x86.ActiveCfg = Release|Any CPU
		{F31A34EA-8C22-469A-8029-A12954C9EC30}.AppStore|x86.Build.0 = Release|Any CPU
		{F31A34EA-8C22-469A-8029-A12954C9EC30}.Debug|Any CPU.ActiveCfg = Debug|Any CPU
		{F31A34EA-8C22-469A-8029-A12954C9EC30}.Debug|Any CPU.Build.0 = Debug|Any CPU
		{F31A34EA-8C22-469A-8029-A12954C9EC30}.Debug|ARM.ActiveCfg = Debug|Any CPU
		{F31A34EA-8C22-469A-8029-A12954C9EC30}.Debug|ARM.Build.0 = Debug|Any CPU
		{F31A34EA-8C22-469A-8029-A12954C9EC30}.Debug|iPhone.ActiveCfg = Debug|Any CPU
		{F31A34EA-8C22-469A-8029-A12954C9EC30}.Debug|iPhone.Build.0 = Debug|Any CPU
		{F31A34EA-8C22-469A-8029-A12954C9EC30}.Debug|iPhoneSimulator.ActiveCfg = Debug|Any CPU
		{F31A34EA-8C22-469A-8029-A12954C9EC30}.Debug|iPhoneSimulator.Build.0 = Debug|Any CPU
		{F31A34EA-8C22-469A-8029-A12954C9EC30}.Debug|x64.ActiveCfg = Debug|Any CPU
		{F31A34EA-8C22-469A-8029-A12954C9EC30}.Debug|x64.Build.0 = Debug|Any CPU
		{F31A34EA-8C22-469A-8029-A12954C9EC30}.Debug|x86.ActiveCfg = Debug|Any CPU
		{F31A34EA-8C22-469A-8029-A12954C9EC30}.Debug|x86.Build.0 = Debug|Any CPU
		{F31A34EA-8C22-469A-8029-A12954C9EC30}.Release|Any CPU.ActiveCfg = Release|Any CPU
		{F31A34EA-8C22-469A-8029-A12954C9EC30}.Release|Any CPU.Build.0 = Release|Any CPU
		{F31A34EA-8C22-469A-8029-A12954C9EC30}.Release|ARM.ActiveCfg = Release|Any CPU
		{F31A34EA-8C22-469A-8029-A12954C9EC30}.Release|ARM.Build.0 = Release|Any CPU
		{F31A34EA-8C22-469A-8029-A12954C9EC30}.Release|iPhone.ActiveCfg = Release|Any CPU
		{F31A34EA-8C22-469A-8029-A12954C9EC30}.Release|iPhone.Build.0 = Release|Any CPU
		{F31A34EA-8C22-469A-8029-A12954C9EC30}.Release|iPhoneSimulator.ActiveCfg = Release|Any CPU
		{F31A34EA-8C22-469A-8029-A12954C9EC30}.Release|iPhoneSimulator.Build.0 = Release|Any CPU
		{F31A34EA-8C22-469A-8029-A12954C9EC30}.Release|x64.ActiveCfg = Release|Any CPU
		{F31A34EA-8C22-469A-8029-A12954C9EC30}.Release|x64.Build.0 = Release|Any CPU
		{F31A34EA-8C22-469A-8029-A12954C9EC30}.Release|x86.ActiveCfg = Release|Any CPU
		{F31A34EA-8C22-469A-8029-A12954C9EC30}.Release|x86.Build.0 = Release|Any CPU
	EndGlobalSection
	GlobalSection(SolutionProperties) = preSolution
		HideSolutionNode = FALSE
	EndGlobalSection
EndGlobal
